
Microsoft Visual Studio Solution File, Format Version 12.00
# Visual Studio Version 16
VisualStudioVersion = 16.0.29403.142
MinimumVisualStudioVersion = 10.0.40219.1
Project("{FAE04EC0-301F-11D3-BF4B-00C04F79EFBC}") = "DcmSender", "DcmSender\DcmSender.csproj", "{AAC9B887-E0D9-49F5-A2F4-490482A822F5}"
EndProject
Global
	GlobalSection(SolutionConfigurationPlatforms) = preSolution
		Debug|Any CPU = Debug|Any CPU
		Release|Any CPU = Release|Any CPU
	EndGlobalSection
	GlobalSection(ProjectConfigurationPlatforms) = postSolution
		{AAC9B887-E0D9-49F5-A2F4-490482A822F5}.Debug|Any CPU.ActiveCfg = Debug|Any CPU
		{AAC9B887-E0D9-49F5-A2F4-490482A822F5}.Debug|Any CPU.Build.0 = Debug|Any CPU
		{AAC9B887-E0D9-49F5-A2F4-490482A822F5}.Release|Any CPU.ActiveCfg = Release|Any CPU
		{AAC9B887-E0D9-49F5-A2F4-490482A822F5}.Release|Any CPU.Build.0 = Release|Any CPU
	EndGlobalSection
	GlobalSection(SolutionProperties) = preSolution
		HideSolutionNode = FALSE
	EndGlobalSection
	GlobalSection(ExtensibilityGlobals) = postSolution
		SolutionGuid = {E0F5DD4A-DF21-462B-B862-8AA78916865A}
	EndGlobalSection
EndGlobal
